// !$*UTF8*$!
{
	archiveVersion = 1;
	classes = {
	};
	objectVersion = 50;
	objects = {

/* Begin PBXBuildFile section */
		4C19DE222642B6BA00A592DF /* WalletApp.swift in Sources */ = {isa = PBXBuildFile; fileRef = 4C19DE212642B6BA00A592DF /* WalletApp.swift */; };
		4C19DE242642B6BA00A592DF /* ContentView.swift in Sources */ = {isa = PBXBuildFile; fileRef = 4C19DE232642B6BA00A592DF /* ContentView.swift */; };
		4C19DE262642B6BE00A592DF /* Assets.xcassets in Resources */ = {isa = PBXBuildFile; fileRef = 4C19DE252642B6BE00A592DF /* Assets.xcassets */; };
		4C19DE292642B6BE00A592DF /* Preview Assets.xcassets in Resources */ = {isa = PBXBuildFile; fileRef = 4C19DE282642B6BE00A592DF /* Preview Assets.xcassets */; };
		4C19DE342642B6BE00A592DF /* WalletTests.swift in Sources */ = {isa = PBXBuildFile; fileRef = 4C19DE332642B6BE00A592DF /* WalletTests.swift */; };
		4C19DE3F2642B6BE00A592DF /* WalletUITests.swift in Sources */ = {isa = PBXBuildFile; fileRef = 4C19DE3E2642B6BE00A592DF /* WalletUITests.swift */; };
		4C95FACA2645326700A4401C /* Week.swift in Sources */ = {isa = PBXBuildFile; fileRef = 4C95FAC92645326700A4401C /* Week.swift */; };
		4CEABABD2643E351007BAF63 /* CustomShape.swift in Sources */ = {isa = PBXBuildFile; fileRef = 4CEABABC2643E351007BAF63 /* CustomShape.swift */; };
/* End PBXBuildFile section */

/* Begin PBXContainerItemProxy section */
		4C19DE302642B6BE00A592DF /* PBXContainerItemProxy */ = {
			isa = PBXContainerItemProxy;
			containerPortal = 4C19DE162642B6BA00A592DF /* Project object */;
			proxyType = 1;
			remoteGlobalIDString = 4C19DE1D2642B6BA00A592DF;
			remoteInfo = Wallet;
		};
		4C19DE3B2642B6BE00A592DF /* PBXContainerItemProxy */ = {
			isa = PBXContainerItemProxy;
			containerPortal = 4C19DE162642B6BA00A592DF /* Project object */;
			proxyType = 1;
			remoteGlobalIDString = 4C19DE1D2642B6BA00A592DF;
			remoteInfo = Wallet;
		};
/* End PBXContainerItemProxy section */

/* Begin PBXFileReference section */
		4C19DE1E2642B6BA00A592DF /* Wallet.app */ = {isa = PBXFileReference; explicitFileType = wrapper.application; includeInIndex = 0; path = Wallet.app; sourceTree = BUILT_PRODUCTS_DIR; };
		4C19DE212642B6BA00A592DF /* WalletApp.swift */ = {isa = PBXFileReference; lastKnownFileType = sourcecode.swift; path = WalletApp.swift; sourceTree = "<group>"; };
		4C19DE232642B6BA00A592DF /* ContentView.swift */ = {isa = PBXFileReference; lastKnownFileType = sourcecode.swift; path = ContentView.swift; sourceTree = "<group>"; };
		4C19DE252642B6BE00A592DF /* Assets.xcassets */ = {isa = PBXFileReference; lastKnownFileType = folder.assetcatalog; path = Assets.xcassets; sourceTree = "<group>"; };
		4C19DE282642B6BE00A592DF /* Preview Assets.xcassets */ = {isa = PBXFileReference; lastKnownFileType = folder.assetcatalog; path = "Preview Assets.xcassets"; sourceTree = "<group>"; };
		4C19DE2A2642B6BE00A592DF /* Info.plist */ = {isa = PBXFileReference; lastKnownFileType = text.plist.xml; path = Info.plist; sourceTree = "<group>"; };
		4C19DE2F2642B6BE00A592DF /* WalletTests.xctest */ = {isa = PBXFileReference; explicitFileType = wrapper.cfbundle; includeInIndex = 0; path = WalletTests.xctest; sourceTree = BUILT_PRODUCTS_DIR; };
		4C19DE332642B6BE00A592DF /* WalletTests.swift */ = {isa = PBXFileReference; lastKnownFileType = sourcecode.swift; path = WalletTests.swift; sourceTree = "<group>"; };
		4C19DE352642B6BE00A592DF /* Info.plist */ = {isa = PBXFileReference; lastKnownFileType = text.plist.xml; path = Info.plist; sourceTree = "<group>"; };
		4C19DE3A2642B6BE00A592DF /* WalletUITests.xctest */ = {isa = PBXFileReference; explicitFileType = wrapper.cfbundle; includeInIndex = 0; path = WalletUITests.xctest; sourceTree = BUILT_PRODUCTS_DIR; };
		4C19DE3E2642B6BE00A592DF /* WalletUITests.swift */ = {isa = PBXFileReference; lastKnownFileType = sourcecode.swift; path = WalletUITests.swift; sourceTree = "<group>"; };
		4C19DE402642B6BE00A592DF /* Info.plist */ = {isa = PBXFileReference; lastKnownFileType = text.plist.xml; path = Info.plist; sourceTree = "<group>"; };
		4C95FAC92645326700A4401C /* Week.swift */ = {isa = PBXFileReference; lastKnownFileType = sourcecode.swift; path = Week.swift; sourceTree = "<group>"; };
		4CEABABC2643E351007BAF63 /* CustomShape.swift */ = {isa = PBXFileReference; lastKnownFileType = sourcecode.swift; path = CustomShape.swift; sourceTree = "<group>"; };
/* End PBXFileReference section */

/* Begin PBXFrameworksBuildPhase section */
		4C19DE1B2642B6BA00A592DF /* Frameworks */ = {
			isa = PBXFrameworksBuildPhase;
			buildActionMask = 2147483647;
			files = (
			);
			runOnlyForDeploymentPostprocessing = 0;
		};
		4C19DE2C2642B6BE00A592DF /* Frameworks */ = {
			isa = PBXFrameworksBuildPhase;
			buildActionMask = 2147483647;
			files = (
			);
			runOnlyForDeploymentPostprocessing = 0;
		};
		4C19DE372642B6BE00A592DF /* Frameworks */ = {
			isa = PBXFrameworksBuildPhase;
			buildActionMask = 2147483647;
			files = (
			);
			runOnlyForDeploymentPostprocessing = 0;
		};
/* End PBXFrameworksBuildPhase section */

/* Begin PBXGroup section */
		4C19DE152642B6BA00A592DF = {
			isa = PBXGroup;
			children = (
				4C19DE202642B6BA00A592DF /* Wallet */,
				4C19DE322642B6BE00A592DF /* WalletTests */,
				4C19DE3D2642B6BE00A592DF /* WalletUITests */,
				4C19DE1F2642B6BA00A592DF /* Products */,
			);
			sourceTree = "<group>";
		};
		4C19DE1F2642B6BA00A592DF /* Products */ = {
			isa = PBXGroup;
			children = (
				4C19DE1E2642B6BA00A592DF /* Wallet.app */,
				4C19DE2F2642B6BE00A592DF /* WalletTests.xctest */,
				4C19DE3A2642B6BE00A592DF /* WalletUITests.xctest */,
			);
			name = Products;
			sourceTree = "<group>";
		};
		4C19DE202642B6BA00A592DF /* Wallet */ = {
			isa = PBXGroup;
			children = (
				4C95FAC82645324F00A4401C /* View */,
				4C95FAC72645324500A4401C /* Model */,
				4C19DE212642B6BA00A592DF /* WalletApp.swift */,
				4C19DE252642B6BE00A592DF /* Assets.xcassets */,
				4C19DE2A2642B6BE00A592DF /* Info.plist */,
				4C19DE272642B6BE00A592DF /* Preview Content */,
			);
			path = Wallet;
			sourceTree = "<group>";
		};
		4C19DE272642B6BE00A592DF /* Preview Content */ = {
			isa = PBXGroup;
			children = (
				4C19DE282642B6BE00A592DF /* Preview Assets.xcassets */,
			);
			path = "Preview Content";
			sourceTree = "<group>";
		};
		4C19DE322642B6BE00A592DF /* WalletTests */ = {
			isa = PBXGroup;
			children = (
				4C19DE332642B6BE00A592DF /* WalletTests.swift */,
				4C19DE352642B6BE00A592DF /* Info.plist */,
			);
			path = WalletTests;
			sourceTree = "<group>";
		};
		4C19DE3D2642B6BE00A592DF /* WalletUITests */ = {
			isa = PBXGroup;
			children = (
				4C19DE3E2642B6BE00A592DF /* WalletUITests.swift */,
				4C19DE402642B6BE00A592DF /* Info.plist */,
			);
			path = WalletUITests;
			sourceTree = "<group>";
		};
		4C95FAC72645324500A4401C /* Model */ = {
			isa = PBXGroup;
			children = (
				4C95FAC92645326700A4401C /* Week.swift */,
			);
			path = Model;
			sourceTree = "<group>";
		};
		4C95FAC82645324F00A4401C /* View */ = {
			isa = PBXGroup;
			children = (
				4C19DE232642B6BA00A592DF /* ContentView.swift */,
				4CEABABC2643E351007BAF63 /* CustomShape.swift */,
			);
			path = View;
			sourceTree = "<group>";
		};
/* End PBXGroup section */

/* Begin PBXNativeTarget section */
		4C19DE1D2642B6BA00A592DF /* Wallet */ = {
			isa = PBXNativeTarget;
			buildConfigurationList = 4C19DE432642B6BE00A592DF /* Build configuration list for PBXNativeTarget "Wallet" */;
			buildPhases = (
				4C19DE1A2642B6BA00A592DF /* Sources */,
				4C19DE1B2642B6BA00A592DF /* Frameworks */,
				4C19DE1C2642B6BA00A592DF /* Resources */,
			);
			buildRules = (
			);
			dependencies = (
			);
			name = Wallet;
			productName = Wallet;
			productReference = 4C19DE1E2642B6BA00A592DF /* Wallet.app */;
			productType = "com.apple.product-type.application";
		};
		4C19DE2E2642B6BE00A592DF /* WalletTests */ = {
			isa = PBXNativeTarget;
			buildConfigurationList = 4C19DE462642B6BE00A592DF /* Build configuration list for PBXNativeTarget "WalletTests" */;
			buildPhases = (
				4C19DE2B2642B6BE00A592DF /* Sources */,
				4C19DE2C2642B6BE00A592DF /* Frameworks */,
				4C19DE2D2642B6BE00A592DF /* Resources */,
			);
			buildRules = (
			);
			dependencies = (
				4C19DE312642B6BE00A592DF /* PBXTargetDependency */,
			);
			name = WalletTests;
			productName = WalletTests;
			productReference = 4C19DE2F2642B6BE00A592DF /* WalletTests.xctest */;
			productType = "com.apple.product-type.bundle.unit-test";
		};
		4C19DE392642B6BE00A592DF /* WalletUITests */ = {
			isa = PBXNativeTarget;
			buildConfigurationList = 4C19DE492642B6BE00A592DF /* Build configuration list for PBXNativeTarget "WalletUITests" */;
			buildPhases = (
				4C19DE362642B6BE00A592DF /* Sources */,
				4C19DE372642B6BE00A592DF /* Frameworks */,
				4C19DE382642B6BE00A592DF /* Resources */,
			);
			buildRules = (
			);
			dependencies = (
				4C19DE3C2642B6BE00A592DF /* PBXTargetDependency */,
			);
			name = WalletUITests;
			productName = WalletUITests;
			productReference = 4C19DE3A2642B6BE00A592DF /* WalletUITests.xctest */;
			productType = "com.apple.product-type.bundle.ui-testing";
		};
/* End PBXNativeTarget section */

/* Begin PBXProject section */
		4C19DE162642B6BA00A592DF /* Project object */ = {
			isa = PBXProject;
			attributes = {
				LastSwiftUpdateCheck = 1250;
				LastUpgradeCheck = 1250;
				TargetAttributes = {
					4C19DE1D2642B6BA00A592DF = {
						CreatedOnToolsVersion = 12.5;
					};
					4C19DE2E2642B6BE00A592DF = {
						CreatedOnToolsVersion = 12.5;
						TestTargetID = 4C19DE1D2642B6BA00A592DF;
					};
					4C19DE392642B6BE00A592DF = {
						CreatedOnToolsVersion = 12.5;
						TestTargetID = 4C19DE1D2642B6BA00A592DF;
					};
				};
			};
			buildConfigurationList = 4C19DE192642B6BA00A592DF /* Build configuration list for PBXProject "Wallet" */;
			compatibilityVersion = "Xcode 9.3";
			developmentRegion = en;
			hasScannedForEncodings = 0;
			knownRegions = (
				en,
				Base,
			);
			mainGroup = 4C19DE152642B6BA00A592DF;
			productRefGroup = 4C19DE1F2642B6BA00A592DF /* Products */;
			projectDirPath = "";
			projectRoot = "";
			targets = (
				4C19DE1D2642B6BA00A592DF /* Wallet */,
				4C19DE2E2642B6BE00A592DF /* WalletTests */,
				4C19DE392642B6BE00A592DF /* WalletUITests */,
			);
		};
/* End PBXProject section */

/* Begin PBXResourcesBuildPhase section */
		4C19DE1C2642B6BA00A592DF /* Resources */ = {
			isa = PBXResourcesBuildPhase;
			buildActionMask = 2147483647;
			files = (
				4C19DE292642B6BE00A592DF /* Preview Assets.xcassets in Resources */,
				4C19DE262642B6BE00A592DF /* Assets.xcassets in Resources */,
			);
			runOnlyForDeploymentPostprocessing = 0;
		};
		4C19DE2D2642B6BE00A592DF /* Resources */ = {
			isa = PBXResourcesBuildPhase;
			buildActionMask = 2147483647;
			files = (
			);
			runOnlyForDeploymentPostprocessing = 0;
		};
		4C19DE382642B6BE00A592DF /* Resources */ = {
			isa = PBXResourcesBuildPhase;
			buildActionMask = 2147483647;
			files = (
			);
			runOnlyForDeploymentPostprocessing = 0;
		};
/* End PBXResourcesBuildPhase section */

/* Begin PBXSourcesBuildPhase section */
		4C19DE1A2642B6BA00A592DF /* Sources */ = {
			isa = PBXSourcesBuildPhase;
			buildActionMask = 2147483647;
			files = (
				4C19DE242642B6BA00A592DF /* ContentView.swift in Sources */,
				4C95FACA2645326700A4401C /* Week.swift in Sources */,
				4C19DE222642B6BA00A592DF /* WalletApp.swift in Sources */,
				4CEABABD2643E351007BAF63 /* CustomShape.swift in Sources */,
			);
			runOnlyForDeploymentPostprocessing = 0;
		};
		4C19DE2B2642B6BE00A592DF /* Sources */ = {
			isa = PBXSourcesBuildPhase;
			buildActionMask = 2147483647;
			files = (
				4C19DE342642B6BE00A592DF /* WalletTests.swift in Sources */,
			);
			runOnlyForDeploymentPostprocessing = 0;
		};
		4C19DE362642B6BE00A592DF /* Sources */ = {
			isa = PBXSourcesBuildPhase;
			buildActionMask = 2147483647;
			files = (
				4C19DE3F2642B6BE00A592DF /* WalletUITests.swift in Sources */,
			);
			runOnlyForDeploymentPostprocessing = 0;
		};
/* End PBXSourcesBuildPhase section */

/* Begin PBXTargetDependency section */
		4C19DE312642B6BE00A592DF /* PBXTargetDependency */ = {
			isa = PBXTargetDependency;
			target = 4C19DE1D2642B6BA00A592DF /* Wallet */;
			targetProxy = 4C19DE302642B6BE00A592DF /* PBXContainerItemProxy */;
		};
		4C19DE3C2642B6BE00A592DF /* PBXTargetDependency */ = {
			isa = PBXTargetDependency;
			target = 4C19DE1D2642B6BA00A592DF /* Wallet */;
			targetProxy = 4C19DE3B2642B6BE00A592DF /* PBXContainerItemProxy */;
		};
/* End PBXTargetDependency section */

/* Begin XCBuildConfiguration section */
		4C19DE412642B6BE00A592DF /* Debug */ = {
			isa = XCBuildConfiguration;
			buildSettings = {
				ALWAYS_SEARCH_USER_PATHS = NO;
				CLANG_ANALYZER_NONNULL = YES;
				CLANG_ANALYZER_NUMBER_OBJECT_CONVERSION = YES_AGGRESSIVE;
				CLANG_CXX_LANGUAGE_STANDARD = "gnu++14";
				CLANG_CXX_LIBRARY = "libc++";
				CLANG_ENABLE_MODULES = YES;
				CLANG_ENABLE_OBJC_ARC = YES;
				CLANG_ENABLE_OBJC_WEAK = YES;
				CLANG_WARN_BLOCK_CAPTURE_AUTORELEASING = YES;
				CLANG_WARN_BOOL_CONVERSION = YES;
				CLANG_WARN_COMMA = YES;
				CLANG_WARN_CONSTANT_CONVERSION = YES;
				CLANG_WARN_DEPRECATED_OBJC_IMPLEMENTATIONS = YES;
				CLANG_WARN_DIRECT_OBJC_ISA_USAGE = YES_ERROR;
				CLANG_WARN_DOCUMENTATION_COMMENTS = YES;
				CLANG_WARN_EMPTY_BODY = YES;
				CLANG_WARN_ENUM_CONVERSION = YES;
				CLANG_WARN_INFINITE_RECURSION = YES;
				CLANG_WARN_INT_CONVERSION = YES;
				CLANG_WARN_NON_LITERAL_NULL_CONVERSION = YES;
				CLANG_WARN_OBJC_IMPLICIT_RETAIN_SELF = YES;
				CLANG_WARN_OBJC_LITERAL_CONVERSION = YES;
				CLANG_WARN_OBJC_ROOT_CLASS = YES_ERROR;
				CLANG_WARN_QUOTED_INCLUDE_IN_FRAMEWORK_HEADER = YES;
				CLANG_WARN_RANGE_LOOP_ANALYSIS = YES;
				CLANG_WARN_STRICT_PROTOTYPES = YES;
				CLANG_WARN_SUSPICIOUS_MOVE = YES;
				CLANG_WARN_UNGUARDED_AVAILABILITY = YES_AGGRESSIVE;
				CLANG_WARN_UNREACHABLE_CODE = YES;
				CLANG_WARN__DUPLICATE_METHOD_MATCH = YES;
				COPY_PHASE_STRIP = NO;
				DEBUG_INFORMATION_FORMAT = dwarf;
				ENABLE_STRICT_OBJC_MSGSEND = YES;
				ENABLE_TESTABILITY = YES;
				GCC_C_LANGUAGE_STANDARD = gnu11;
				GCC_DYNAMIC_NO_PIC = NO;
				GCC_NO_COMMON_BLOCKS = YES;
				GCC_OPTIMIZATION_LEVEL = 0;
				GCC_PREPROCESSOR_DEFINITIONS = (
					"DEBUG=1",
					"$(inherited)",
				);
				GCC_WARN_64_TO_32_BIT_CONVERSION = YES;
				GCC_WARN_ABOUT_RETURN_TYPE = YES_ERROR;
				GCC_WARN_UNDECLARED_SELECTOR = YES;
				GCC_WARN_UNINITIALIZED_AUTOS = YES_AGGRESSIVE;
				GCC_WARN_UNUSED_FUNCTION = YES;
				GCC_WARN_UNUSED_VARIABLE = YES;
				IPHONEOS_DEPLOYMENT_TARGET = 14.5;
				MTL_ENABLE_DEBUG_INFO = INCLUDE_SOURCE;
				MTL_FAST_MATH = YES;
				ONLY_ACTIVE_ARCH = YES;
				SDKROOT = iphoneos;
				SWIFT_ACTIVE_COMPILATION_CONDITIONS = DEBUG;
				SWIFT_OPTIMIZATION_LEVEL = "-Onone";
			};
			name = Debug;
		};
		4C19DE422642B6BE00A592DF /* Release */ = {
			isa = XCBuildConfiguration;
			buildSettings = {
				ALWAYS_SEARCH_USER_PATHS = NO;
				CLANG_ANALYZER_NONNULL = YES;
				CLANG_ANALYZER_NUMBER_OBJECT_CONVERSION = YES_AGGRESSIVE;
				CLANG_CXX_LANGUAGE_STANDARD = "gnu++14";
				CLANG_CXX_LIBRARY = "libc++";
				CLANG_ENABLE_MODULES = YES;
				CLANG_ENABLE_OBJC_ARC = YES;
				CLANG_ENABLE_OBJC_WEAK = YES;
				CLANG_WARN_BLOCK_CAPTURE_AUTORELEASING = YES;
				CLANG_WARN_BOOL_CONVERSION = YES;
				CLANG_WARN_COMMA = YES;
				CLANG_WARN_CONSTANT_CONVERSION = YES;
				CLANG_WARN_DEPRECATED_OBJC_IMPLEMENTATIONS = YES;
				CLANG_WARN_DIRECT_OBJC_ISA_USAGE = YES_ERROR;
				CLANG_WARN_DOCUMENTATION_COMMENTS = YES;
				CLANG_WARN_EMPTY_BODY = YES;
				CLANG_WARN_ENUM_CONVERSION = YES;
				CLANG_WARN_INFINITE_RECURSION = YES;
				CLANG_WARN_INT_CONVERSION = YES;
				CLANG_WARN_NON_LITERAL_NULL_CONVERSION = YES;
				CLANG_WARN_OBJC_IMPLICIT_RETAIN_SELF = YES;
				CLANG_WARN_OBJC_LITERAL_CONVERSION = YES;
				CLANG_WARN_OBJC_ROOT_CLASS = YES_ERROR;
				CLANG_WARN_QUOTED_INCLUDE_IN_FRAMEWORK_HEADER = YES;
				CLANG_WARN_RANGE_LOOP_ANALYSIS = YES;
				CLANG_WARN_STRICT_PROTOTYPES = YES;
				CLANG_WARN_SUSPICIOUS_MOVE = YES;
				CLANG_WARN_UNGUARDED_AVAILABILITY = YES_AGGRESSIVE;
				CLANG_WARN_UNREACHABLE_CODE = YES;
				CLANG_WARN__DUPLICATE_METHOD_MATCH = YES;
				COPY_PHASE_STRIP = NO;
				DEBUG_INFORMATION_FORMAT = "dwarf-with-dsym";
				ENABLE_NS_ASSERTIONS = NO;
				ENABLE_STRICT_OBJC_MSGSEND = YES;
				GCC_C_LANGUAGE_STANDARD = gnu11;
				GCC_NO_COMMON_BLOCKS = YES;
				GCC_WARN_64_TO_32_BIT_CONVERSION = YES;
				GCC_WARN_ABOUT_RETURN_TYPE = YES_ERROR;
				GCC_WARN_UNDECLARED_SELECTOR = YES;
				GCC_WARN_UNINITIALIZED_AUTOS = YES_AGGRESSIVE;
				GCC_WARN_UNUSED_FUNCTION = YES;
				GCC_WARN_UNUSED_VARIABLE = YES;
				IPHONEOS_DEPLOYMENT_TARGET = 14.5;
				MTL_ENABLE_DEBUG_INFO = NO;
				MTL_FAST_MATH = YES;
				SDKROOT = iphoneos;
				SWIFT_COMPILATION_MODE = wholemodule;
				SWIFT_OPTIMIZATION_LEVEL = "-O";
				VALIDATE_PRODUCT = YES;
			};
			name = Release;
		};
		4C19DE442642B6BE00A592DF /* Debug */ = {
			isa = XCBuildConfiguration;
			buildSettings = {
				ASSETCATALOG_COMPILER_APPICON_NAME = AppIcon;
				ASSETCATALOG_COMPILER_GLOBAL_ACCENT_COLOR_NAME = AccentColor;
				CODE_SIGN_STYLE = Automatic;
				DEVELOPMENT_ASSET_PATHS = "\"Wallet/Preview Content\"";
				DEVELOPMENT_TEAM = 9URT9YH7AX;
				ENABLE_PREVIEWS = YES;
				INFOPLIST_FILE = Wallet/Info.plist;
				IPHONEOS_DEPLOYMENT_TARGET = 14.0;
				LD_RUNPATH_SEARCH_PATHS = (
					"$(inherited)",
					"@executable_path/Frameworks",
				);
				PRODUCT_BUNDLE_IDENTIFIER = com.congle.TEAMCONG.Wallet;
				PRODUCT_NAME = "$(TARGET_NAME)";
				SWIFT_VERSION = 5.0;
				TARGETED_DEVICE_FAMILY = "1,2";
			};
			name = Debug;
		};
		4C19DE452642B6BE00A592DF /* Release */ = {
			isa = XCBuildConfiguration;
			buildSettings = {
				ASSETCATALOG_COMPILER_APPICON_NAME = AppIcon;
				ASSETCATALOG_COMPILER_GLOBAL_ACCENT_COLOR_NAME = AccentColor;
				CODE_SIGN_STYLE = Automatic;
				DEVELOPMENT_ASSET_PATHS = "\"Wallet/Preview Content\"";
				DEVELOPMENT_TEAM = 9URT9YH7AX;
				ENABLE_PREVIEWS = YES;
				INFOPLIST_FILE = Wallet/Info.plist;
				IPHONEOS_DEPLOYMENT_TARGET = 14.0;
				LD_RUNPATH_SEARCH_PATHS = (
					"$(inherited)",
					"@executable_path/Frameworks",
				);
				PRODUCT_BUNDLE_IDENTIFIER = com.congle.TEAMCONG.Wallet;
				PRODUCT_NAME = "$(TARGET_NAME)";
				SWIFT_VERSION = 5.0;
				TARGETED_DEVICE_FAMILY = "1,2";
			};
			name = Release;
		};
		4C19DE472642B6BE00A592DF /* Debug */ = {
			isa = XCBuildConfiguration;
			buildSettings = {
				ALWAYS_EMBED_SWIFT_STANDARD_LIBRARIES = YES;
				BUNDLE_LOADER = "$(TEST_HOST)";
				CODE_SIGN_STYLE = Automatic;
				DEVELOPMENT_TEAM = 9URT9YH7AX;
				INFOPLIST_FILE = WalletTests/Info.plist;
				IPHONEOS_DEPLOYMENT_TARGET = 14.0;
				LD_RUNPATH_SEARCH_PATHS = (
					"$(inherited)",
					"@executable_path/Frameworks",
					"@loader_path/Frameworks",
				);
				PRODUCT_BUNDLE_IDENTIFIER = com.congle.TEAMCONG.WalletTests;
				PRODUCT_NAME = "$(TARGET_NAME)";
				SWIFT_VERSION = 5.0;
				TARGETED_DEVICE_FAMILY = "1,2";
				TEST_HOST = "$(BUILT_PRODUCTS_DIR)/Wallet.app/Wallet";
			};
			name = Debug;
		};
		4C19DE482642B6BE00A592DF /* Release */ = {
			isa = XCBuildConfiguration;
			buildSettings = {
				ALWAYS_EMBED_SWIFT_STANDARD_LIBRARIES = YES;
				BUNDLE_LOADER = "$(TEST_HOST)";
				CODE_SIGN_STYLE = Automatic;
				DEVELOPMENT_TEAM = 9URT9YH7AX;
				INFOPLIST_FILE = WalletTests/Info.plist;
				IPHONEOS_DEPLOYMENT_TARGET = 14.0;
				LD_RUNPATH_SEARCH_PATHS = (
					"$(inherited)",
					"@executable_path/Frameworks",
					"@loader_path/Frameworks",
				);
				PRODUCT_BUNDLE_IDENTIFIER = com.congle.TEAMCONG.WalletTests;
				PRODUCT_NAME = "$(TARGET_NAME)";
				SWIFT_VERSION = 5.0;
				TARGETED_DEVICE_FAMILY = "1,2";
				TEST_HOST = "$(BUILT_PRODUCTS_DIR)/Wallet.app/Wallet";
			};
			name = Release;
		};
		4C19DE4A2642B6BE00A592DF /* Debug */ = {
			isa = XCBuildConfiguration;
			buildSettings = {
				ALWAYS_EMBED_SWIFT_STANDARD_LIBRARIES = YES;
				CODE_SIGN_STYLE = Automatic;
				DEVELOPMENT_TEAM = 9URT9YH7AX;
				INFOPLIST_FILE = WalletUITests/Info.plist;
				LD_RUNPATH_SEARCH_PATHS = (
					"$(inherited)",
					"@executable_path/Frameworks",
					"@loader_path/Frameworks",
				);
				PRODUCT_BUNDLE_IDENTIFIER = com.congle.TEAMCONG.WalletUITests;
				PRODUCT_NAME = "$(TARGET_NAME)";
				SWIFT_VERSION = 5.0;
				TARGETED_DEVICE_FAMILY = "1,2";
				TEST_TARGET_NAME = Wallet;
			};
			name = Debug;
		};
		4C19DE4B2642B6BE00A592DF /* Release */ = {
			isa = XCBuildConfiguration;
			buildSettings = {
				ALWAYS_EMBED_SWIFT_STANDARD_LIBRARIES = YES;
				CODE_SIGN_STYLE = Automatic;
				DEVELOPMENT_TEAM = 9URT9YH7AX;
				INFOPLIST_FILE = WalletUITests/Info.plist;
				LD_RUNPATH_SEARCH_PATHS = (
					"$(inherited)",
					"@executable_path/Frameworks",
					"@loader_path/Frameworks",
				);
				PRODUCT_BUNDLE_IDENTIFIER = com.congle.TEAMCONG.WalletUITests;
				PRODUCT_NAME = "$(TARGET_NAME)";
				SWIFT_VERSION = 5.0;
				TARGETED_DEVICE_FAMILY = "1,2";
				TEST_TARGET_NAME = Wallet;
			};
			name = Release;
		};
/* End XCBuildConfiguration section */

/* Begin XCConfigurationList section */
		4C19DE192642B6BA00A592DF /* Build configuration list for PBXProject "Wallet" */ = {
			isa = XCConfigurationList;
			buildConfigurations = (
				4C19DE412642B6BE00A592DF /* Debug */,
				4C19DE422642B6BE00A592DF /* Release */,
			);
			defaultConfigurationIsVisible = 0;
			defaultConfigurationName = Release;
		};
		4C19DE432642B6BE00A592DF /* Build configuration list for PBXNativeTarget "Wallet" */ = {
			isa = XCConfigurationList;
			buildConfigurations = (
				4C19DE442642B6BE00A592DF /* Debug */,
				4C19DE452642B6BE00A592DF /* Release */,
			);
			defaultConfigurationIsVisible = 0;
			defaultConfigurationName = Release;
		};
		4C19DE462642B6BE00A592DF /* Build configuration list for PBXNativeTarget "WalletTests" */ = {
			isa = XCConfigurationList;
			buildConfigurations = (
				4C19DE472642B6BE00A592DF /* Debug */,
				4C19DE482642B6BE00A592DF /* Release */,
			);
			defaultConfigurationIsVisible = 0;
			defaultConfigurationName = Release;
		};
		4C19DE492642B6BE00A592DF /* Build configuration list for PBXNativeTarget "WalletUITests" */ = {
			isa = XCConfigurationList;
			buildConfigurations = (
				4C19DE4A2642B6BE00A592DF /* Debug */,
				4C19DE4B2642B6BE00A592DF /* Release */,
			);
			defaultConfigurationIsVisible = 0;
			defaultConfigurationName = Release;
		};
/* End XCConfigurationList section */
	};
	rootObject = 4C19DE162642B6BA00A592DF /* Project object */;
}
